
Microsoft Visual Studio Solution File, Format Version 12.00
# Visual Studio Version 16
VisualStudioVersion = 16.6.30114.105
MinimumVisualStudioVersion = 10.0.40219.1
Project("{FAE04EC0-301F-11D3-BF4B-00C04F79EFBC}") = "MyFirstApi", "MyFirstApi\MyFirstApi.csproj", "{58F90964-3EE8-445D-B4EB-93829AB87B26}"
EndProject
Project("{FAE04EC0-301F-11D3-BF4B-00C04F79EFBC}") = "MyBlazorApp", "MyBlazorApp\MyBlazorApp.csproj", "{6E3340B0-C3FB-4BA2-BC3D-A3D4F1C37A5E}"
EndProject
Global
	GlobalSection(SolutionConfigurationPlatforms) = preSolution
		Debug|Any CPU = Debug|Any CPU
		Debug|x64 = Debug|x64
		Debug|x86 = Debug|x86
		Release|Any CPU = Release|Any CPU
		Release|x64 = Release|x64
		Release|x86 = Release|x86
	EndGlobalSection
	GlobalSection(SolutionProperties) = preSolution
		HideSolutionNode = FALSE
	EndGlobalSection
	GlobalSection(ProjectConfigurationPlatforms) = postSolution
		{58F90964-3EE8-445D-B4EB-93829AB87B26}.Debug|Any CPU.ActiveCfg = Debug|Any CPU
		{58F90964-3EE8-445D-B4EB-93829AB87B26}.Debug|Any CPU.Build.0 = Debug|Any CPU
		{58F90964-3EE8-445D-B4EB-93829AB87B26}.Debug|x64.ActiveCfg = Debug|Any CPU
		{58F90964-3EE8-445D-B4EB-93829AB87B26}.Debug|x64.Build.0 = Debug|Any CPU
		{58F90964-3EE8-445D-B4EB-93829AB87B26}.Debug|x86.ActiveCfg = Debug|Any CPU
		{58F90964-3EE8-445D-B4EB-93829AB87B26}.Debug|x86.Build.0 = Debug|Any CPU
		{58F90964-3EE8-445D-B4EB-93829AB87B26}.Release|Any CPU.ActiveCfg = Release|Any CPU
		{58F90964-3EE8-445D-B4EB-93829AB87B26}.Release|Any CPU.Build.0 = Release|Any CPU
		{58F90964-3EE8-445D-B4EB-93829AB87B26}.Release|x64.ActiveCfg = Release|Any CPU
		{58F90964-3EE8-445D-B4EB-93829AB87B26}.Release|x64.Build.0 = Release|Any CPU
		{58F90964-3EE8-445D-B4EB-93829AB87B26}.Release|x86.ActiveCfg = Release|Any CPU
		{58F90964-3EE8-445D-B4EB-93829AB87B26}.Release|x86.Build.0 = Release|Any CPU
		{6E3340B0-C3FB-4BA2-BC3D-A3D4F1C37A5E}.Debug|Any CPU.ActiveCfg = Debug|Any CPU
		{6E3340B0-C3FB-4BA2-BC3D-A3D4F1C37A5E}.Debug|Any CPU.Build.0 = Debug|Any CPU
		{6E3340B0-C3FB-4BA2-BC3D-A3D4F1C37A5E}.Debug|x64.ActiveCfg = Debug|Any CPU
		{6E3340B0-C3FB-4BA2-BC3D-A3D4F1C37A5E}.Debug|x64.Build.0 = Debug|Any CPU
		{6E3340B0-C3FB-4BA2-BC3D-A3D4F1C37A5E}.Debug|x86.ActiveCfg = Debug|Any CPU
		{6E3340B0-C3FB-4BA2-BC3D-A3D4F1C37A5E}.Debug|x86.Build.0 = Debug|Any CPU
		{6E3340B0-C3FB-4BA2-BC3D-A3D4F1C37A5E}.Release|Any CPU.ActiveCfg = Release|Any CPU
		{6E3340B0-C3FB-4BA2-BC3D-A3D4F1C37A5E}.Release|Any CPU.Build.0 = Release|Any CPU
		{6E3340B0-C3FB-4BA2-BC3D-A3D4F1C37A5E}.Release|x64.ActiveCfg = Release|Any CPU
		{6E3340B0-C3FB-4BA2-BC3D-A3D4F1C37A5E}.Release|x64.Build.0 = Release|Any CPU
		{6E3340B0-C3FB-4BA2-BC3D-A3D4F1C37A5E}.Release|x86.ActiveCfg = Release|Any CPU
		{6E3340B0-C3FB-4BA2-BC3D-A3D4F1C37A5E}.Release|x86.Build.0 = Release|Any CPU
	EndGlobalSection
EndGlobal
